// !$*UTF8*$!
{
	archiveVersion = 1;
	classes = {
	};
	objectVersion = 50;
	objects = {

/* Begin PBXBuildFile section */
		945CDAF9252A7E5B00B62B07 /* AppDelegate.swift in Sources */ = {isa = PBXBuildFile; fileRef = 945CDAF8252A7E5B00B62B07 /* AppDelegate.swift */; };
		945CDAFB252A7E5B00B62B07 /* MainScreen.swift in Sources */ = {isa = PBXBuildFile; fileRef = 945CDAFA252A7E5B00B62B07 /* MainScreen.swift */; };
		945CDAFD252A7E5C00B62B07 /* Assets.xcassets in Resources */ = {isa = PBXBuildFile; fileRef = 945CDAFC252A7E5C00B62B07 /* Assets.xcassets */; };
		945CDB00252A7E5C00B62B07 /* Preview Assets.xcassets in Resources */ = {isa = PBXBuildFile; fileRef = 945CDAFF252A7E5C00B62B07 /* Preview Assets.xcassets */; };
		945CDB03252A7E5C00B62B07 /* Main.storyboard in Resources */ = {isa = PBXBuildFile; fileRef = 945CDB01252A7E5C00B62B07 /* Main.storyboard */; };
		945CDB0F252A7F0F00B62B07 /* Masks.swift in Sources */ = {isa = PBXBuildFile; fileRef = 945CDB0E252A7F0F00B62B07 /* Masks.swift */; };
		9481A4C9252A86F500AF6C54 /* ViewIndex.swift in Sources */ = {isa = PBXBuildFile; fileRef = 9481A4C8252A86F500AF6C54 /* ViewIndex.swift */; };
		9481A4CD252AAE2A00AF6C54 /* CutoutButtonDemo.swift in Sources */ = {isa = PBXBuildFile; fileRef = 9481A4CC252AAE2A00AF6C54 /* CutoutButtonDemo.swift */; };
		948A5B1A252B534E00910118 /* UnobservedVM.swift in Sources */ = {isa = PBXBuildFile; fileRef = 948A5B19252B534E00910118 /* UnobservedVM.swift */; };
		948A5B21252B537500910118 /* UnobservedObjectDemo.swift in Sources */ = {isa = PBXBuildFile; fileRef = 948A5B20252B537500910118 /* UnobservedObjectDemo.swift */; };
/* End PBXBuildFile section */

/* Begin PBXFileReference section */
		945CDAF5252A7E5B00B62B07 /* SwiftUIVisuals.app */ = {isa = PBXFileReference; explicitFileType = wrapper.application; includeInIndex = 0; path = SwiftUIVisuals.app; sourceTree = BUILT_PRODUCTS_DIR; };
		945CDAF8252A7E5B00B62B07 /* AppDelegate.swift */ = {isa = PBXFileReference; lastKnownFileType = sourcecode.swift; path = AppDelegate.swift; sourceTree = "<group>"; };
		945CDAFA252A7E5B00B62B07 /* MainScreen.swift */ = {isa = PBXFileReference; lastKnownFileType = sourcecode.swift; path = MainScreen.swift; sourceTree = "<group>"; };
		945CDAFC252A7E5C00B62B07 /* Assets.xcassets */ = {isa = PBXFileReference; lastKnownFileType = folder.assetcatalog; path = Assets.xcassets; sourceTree = "<group>"; };
		945CDAFF252A7E5C00B62B07 /* Preview Assets.xcassets */ = {isa = PBXFileReference; lastKnownFileType = folder.assetcatalog; path = "Preview Assets.xcassets"; sourceTree = "<group>"; };
		945CDB02252A7E5C00B62B07 /* Base */ = {isa = PBXFileReference; lastKnownFileType = file.storyboard; name = Base; path = Base.lproj/Main.storyboard; sourceTree = "<group>"; };
		945CDB04252A7E5C00B62B07 /* Info.plist */ = {isa = PBXFileReference; lastKnownFileType = text.plist.xml; path = Info.plist; sourceTree = "<group>"; };
		945CDB05252A7E5C00B62B07 /* SwiftUIVisuals.entitlements */ = {isa = PBXFileReference; lastKnownFileType = text.plist.entitlements; path = SwiftUIVisuals.entitlements; sourceTree = "<group>"; };
		945CDB0E252A7F0F00B62B07 /* Masks.swift */ = {isa = PBXFileReference; lastKnownFileType = sourcecode.swift; path = Masks.swift; sourceTree = "<group>"; xcLanguageSpecificationIdentifier = xcode.lang.swift; };
		9481A4C8252A86F500AF6C54 /* ViewIndex.swift */ = {isa = PBXFileReference; lastKnownFileType = sourcecode.swift; path = ViewIndex.swift; sourceTree = "<group>"; };
		9481A4CC252AAE2A00AF6C54 /* CutoutButtonDemo.swift */ = {isa = PBXFileReference; lastKnownFileType = sourcecode.swift; path = CutoutButtonDemo.swift; sourceTree = "<group>"; };
		948A5B19252B534E00910118 /* UnobservedVM.swift */ = {isa = PBXFileReference; lastKnownFileType = sourcecode.swift; path = UnobservedVM.swift; sourceTree = "<group>"; };
		948A5B20252B537500910118 /* UnobservedObjectDemo.swift */ = {isa = PBXFileReference; lastKnownFileType = sourcecode.swift; path = UnobservedObjectDemo.swift; sourceTree = "<group>"; };
/* End PBXFileReference section */

/* Begin PBXFrameworksBuildPhase section */
		945CDAF2252A7E5B00B62B07 /* Frameworks */ = {
			isa = PBXFrameworksBuildPhase;
			buildActionMask = 2147483647;
			files = (
			);
			runOnlyForDeploymentPostprocessing = 0;
		};
/* End PBXFrameworksBuildPhase section */

/* Begin PBXGroup section */
		9423A295252A800800DA0DEE /* Main */ = {
			isa = PBXGroup;
			children = (
				945CDAF8252A7E5B00B62B07 /* AppDelegate.swift */,
				945CDAFA252A7E5B00B62B07 /* MainScreen.swift */,
				945CDB01252A7E5C00B62B07 /* Main.storyboard */,
				945CDB04252A7E5C00B62B07 /* Info.plist */,
			);
			name = Main;
			sourceTree = "<group>";
		};
		9423A296252A801F00DA0DEE /* Assets */ = {
			isa = PBXGroup;
			children = (
				945CDAFC252A7E5C00B62B07 /* Assets.xcassets */,
				945CDB05252A7E5C00B62B07 /* SwiftUIVisuals.entitlements */,
				945CDAFE252A7E5C00B62B07 /* Preview Content */,
			);
			name = Assets;
			sourceTree = "<group>";
		};
		945CDAEC252A7E5B00B62B07 = {
			isa = PBXGroup;
			children = (
				945CDAF7252A7E5B00B62B07 /* SwiftUIVisuals */,
				945CDAF6252A7E5B00B62B07 /* Products */,
			);
			sourceTree = "<group>";
		};
		945CDAF6252A7E5B00B62B07 /* Products */ = {
			isa = PBXGroup;
			children = (
				945CDAF5252A7E5B00B62B07 /* SwiftUIVisuals.app */,
			);
			name = Products;
			sourceTree = "<group>";
		};
		945CDAF7252A7E5B00B62B07 /* SwiftUIVisuals */ = {
			isa = PBXGroup;
			children = (
				9481A4C8252A86F500AF6C54 /* ViewIndex.swift */,
				948A5B18252B533C00910118 /* Reddit */,
				945CDB0C252A7EF400B62B07 /* SO */,
				9423A295252A800800DA0DEE /* Main */,
				9423A296252A801F00DA0DEE /* Assets */,
			);
			path = SwiftUIVisuals;
			sourceTree = "<group>";
		};
		945CDAFE252A7E5C00B62B07 /* Preview Content */ = {
			isa = PBXGroup;
			children = (
				945CDAFF252A7E5C00B62B07 /* Preview Assets.xcassets */,
			);
			path = "Preview Content";
			sourceTree = "<group>";
		};
		945CDB0C252A7EF400B62B07 /* SO */ = {
			isa = PBXGroup;
			children = (
				945CDB0D252A7EFF00B62B07 /* CutoutButton */,
			);
			path = SO;
			sourceTree = "<group>";
		};
		945CDB0D252A7EFF00B62B07 /* CutoutButton */ = {
			isa = PBXGroup;
			children = (
				9481A4CC252AAE2A00AF6C54 /* CutoutButtonDemo.swift */,
				945CDB0E252A7F0F00B62B07 /* Masks.swift */,
			);
			path = CutoutButton;
			sourceTree = "<group>";
		};
		948A5B18252B533C00910118 /* Reddit */ = {
			isa = PBXGroup;
			children = (
				948A5B25252B5E5400910118 /* UnobservedObject */,
			);
			path = Reddit;
			sourceTree = "<group>";
		};
		948A5B25252B5E5400910118 /* UnobservedObject */ = {
			isa = PBXGroup;
			children = (
				948A5B20252B537500910118 /* UnobservedObjectDemo.swift */,
				948A5B19252B534E00910118 /* UnobservedVM.swift */,
			);
			path = UnobservedObject;
			sourceTree = "<group>";
		};
/* End PBXGroup section */

/* Begin PBXNativeTarget section */
		945CDAF4252A7E5B00B62B07 /* SwiftUIVisuals */ = {
			isa = PBXNativeTarget;
			buildConfigurationList = 945CDB08252A7E5C00B62B07 /* Build configuration list for PBXNativeTarget "SwiftUIVisuals" */;
			buildPhases = (
				945CDAF1252A7E5B00B62B07 /* Sources */,
				945CDAF2252A7E5B00B62B07 /* Frameworks */,
				945CDAF3252A7E5B00B62B07 /* Resources */,
			);
			buildRules = (
			);
			dependencies = (
			);
			name = SwiftUIVisuals;
			productName = SwiftUIVisuals;
			productReference = 945CDAF5252A7E5B00B62B07 /* SwiftUIVisuals.app */;
			productType = "com.apple.product-type.application";
		};
/* End PBXNativeTarget section */

/* Begin PBXProject section */
		945CDAED252A7E5B00B62B07 /* Project object */ = {
			isa = PBXProject;
			attributes = {
				LastSwiftUpdateCheck = 1200;
				LastUpgradeCheck = 1200;
				TargetAttributes = {
					945CDAF4252A7E5B00B62B07 = {
						CreatedOnToolsVersion = 12.0.1;
					};
				};
			};
			buildConfigurationList = 945CDAF0252A7E5B00B62B07 /* Build configuration list for PBXProject "SwiftUIVisuals" */;
			compatibilityVersion = "Xcode 9.3";
			developmentRegion = en;
			hasScannedForEncodings = 0;
			knownRegions = (
				en,
				Base,
			);
			mainGroup = 945CDAEC252A7E5B00B62B07;
			productRefGroup = 945CDAF6252A7E5B00B62B07 /* Products */;
			projectDirPath = "";
			projectRoot = "";
			targets = (
				945CDAF4252A7E5B00B62B07 /* SwiftUIVisuals */,
			);
		};
/* End PBXProject section */

/* Begin PBXResourcesBuildPhase section */
		945CDAF3252A7E5B00B62B07 /* Resources */ = {
			isa = PBXResourcesBuildPhase;
			buildActionMask = 2147483647;
			files = (
				945CDB03252A7E5C00B62B07 /* Main.storyboard in Resources */,
				945CDB00252A7E5C00B62B07 /* Preview Assets.xcassets in Resources */,
				945CDAFD252A7E5C00B62B07 /* Assets.xcassets in Resources */,
			);
			runOnlyForDeploymentPostprocessing = 0;
		};
/* End PBXResourcesBuildPhase section */

/* Begin PBXSourcesBuildPhase section */
		945CDAF1252A7E5B00B62B07 /* Sources */ = {
			isa = PBXSourcesBuildPhase;
			buildActionMask = 2147483647;
			files = (
				945CDAFB252A7E5B00B62B07 /* MainScreen.swift in Sources */,
				9481A4C9252A86F500AF6C54 /* ViewIndex.swift in Sources */,
				948A5B1A252B534E00910118 /* UnobservedVM.swift in Sources */,
				945CDAF9252A7E5B00B62B07 /* AppDelegate.swift in Sources */,
				9481A4CD252AAE2A00AF6C54 /* CutoutButtonDemo.swift in Sources */,
				945CDB0F252A7F0F00B62B07 /* Masks.swift in Sources */,
				948A5B21252B537500910118 /* UnobservedObjectDemo.swift in Sources */,
			);
			runOnlyForDeploymentPostprocessing = 0;
		};
/* End PBXSourcesBuildPhase section */

/* Begin PBXVariantGroup section */
		945CDB01252A7E5C00B62B07 /* Main.storyboard */ = {
			isa = PBXVariantGroup;
			children = (
				945CDB02252A7E5C00B62B07 /* Base */,
			);
			name = Main.storyboard;
			sourceTree = "<group>";
		};
/* End PBXVariantGroup section */

/* Begin XCBuildConfiguration section */
		945CDB06252A7E5C00B62B07 /* Debug */ = {
			isa = XCBuildConfiguration;
			buildSettings = {
				ALWAYS_SEARCH_USER_PATHS = NO;
				CLANG_ANALYZER_NONNULL = YES;
				CLANG_ANALYZER_NUMBER_OBJECT_CONVERSION = YES_AGGRESSIVE;
				CLANG_CXX_LANGUAGE_STANDARD = "gnu++14";
				CLANG_CXX_LIBRARY = "libc++";
				CLANG_ENABLE_MODULES = YES;
				CLANG_ENABLE_OBJC_ARC = YES;
				CLANG_ENABLE_OBJC_WEAK = YES;
				CLANG_WARN_BLOCK_CAPTURE_AUTORELEASING = YES;
				CLANG_WARN_BOOL_CONVERSION = YES;
				CLANG_WARN_COMMA = YES;
				CLANG_WARN_CONSTANT_CONVERSION = YES;
				CLANG_WARN_DEPRECATED_OBJC_IMPLEMENTATIONS = YES;
				CLANG_WARN_DIRECT_OBJC_ISA_USAGE = YES_ERROR;
				CLANG_WARN_DOCUMENTATION_COMMENTS = YES;
				CLANG_WARN_EMPTY_BODY = YES;
				CLANG_WARN_ENUM_CONVERSION = YES;
				CLANG_WARN_INFINITE_RECURSION = YES;
				CLANG_WARN_INT_CONVERSION = YES;
				CLANG_WARN_NON_LITERAL_NULL_CONVERSION = YES;
				CLANG_WARN_OBJC_IMPLICIT_RETAIN_SELF = YES;
				CLANG_WARN_OBJC_LITERAL_CONVERSION = YES;
				CLANG_WARN_OBJC_ROOT_CLASS = YES_ERROR;
				CLANG_WARN_QUOTED_INCLUDE_IN_FRAMEWORK_HEADER = YES;
				CLANG_WARN_RANGE_LOOP_ANALYSIS = YES;
				CLANG_WARN_STRICT_PROTOTYPES = YES;
				CLANG_WARN_SUSPICIOUS_MOVE = YES;
				CLANG_WARN_UNGUARDED_AVAILABILITY = YES_AGGRESSIVE;
				CLANG_WARN_UNREACHABLE_CODE = YES;
				CLANG_WARN__DUPLICATE_METHOD_MATCH = YES;
				COPY_PHASE_STRIP = NO;
				DEBUG_INFORMATION_FORMAT = dwarf;
				ENABLE_STRICT_OBJC_MSGSEND = YES;
				ENABLE_TESTABILITY = YES;
				GCC_C_LANGUAGE_STANDARD = gnu11;
				GCC_DYNAMIC_NO_PIC = NO;
				GCC_NO_COMMON_BLOCKS = YES;
				GCC_OPTIMIZATION_LEVEL = 0;
				GCC_PREPROCESSOR_DEFINITIONS = (
					"DEBUG=1",
					"$(inherited)",
				);
				GCC_WARN_64_TO_32_BIT_CONVERSION = YES;
				GCC_WARN_ABOUT_RETURN_TYPE = YES_ERROR;
				GCC_WARN_UNDECLARED_SELECTOR = YES;
				GCC_WARN_UNINITIALIZED_AUTOS = YES_AGGRESSIVE;
				GCC_WARN_UNUSED_FUNCTION = YES;
				GCC_WARN_UNUSED_VARIABLE = YES;
				MACOSX_DEPLOYMENT_TARGET = 10.15;
				MTL_ENABLE_DEBUG_INFO = INCLUDE_SOURCE;
				MTL_FAST_MATH = YES;
				ONLY_ACTIVE_ARCH = YES;
				SDKROOT = macosx;
				SWIFT_ACTIVE_COMPILATION_CONDITIONS = DEBUG;
				SWIFT_OPTIMIZATION_LEVEL = "-Onone";
			};
			name = Debug;
		};
		945CDB07252A7E5C00B62B07 /* Release */ = {
			isa = XCBuildConfiguration;
			buildSettings = {
				ALWAYS_SEARCH_USER_PATHS = NO;
				CLANG_ANALYZER_NONNULL = YES;
				CLANG_ANALYZER_NUMBER_OBJECT_CONVERSION = YES_AGGRESSIVE;
				CLANG_CXX_LANGUAGE_STANDARD = "gnu++14";
				CLANG_CXX_LIBRARY = "libc++";
				CLANG_ENABLE_MODULES = YES;
				CLANG_ENABLE_OBJC_ARC = YES;
				CLANG_ENABLE_OBJC_WEAK = YES;
				CLANG_WARN_BLOCK_CAPTURE_AUTORELEASING = YES;
				CLANG_WARN_BOOL_CONVERSION = YES;
				CLANG_WARN_COMMA = YES;
				CLANG_WARN_CONSTANT_CONVERSION = YES;
				CLANG_WARN_DEPRECATED_OBJC_IMPLEMENTATIONS = YES;
				CLANG_WARN_DIRECT_OBJC_ISA_USAGE = YES_ERROR;
				CLANG_WARN_DOCUMENTATION_COMMENTS = YES;
				CLANG_WARN_EMPTY_BODY = YES;
				CLANG_WARN_ENUM_CONVERSION = YES;
				CLANG_WARN_INFINITE_RECURSION = YES;
				CLANG_WARN_INT_CONVERSION = YES;
				CLANG_WARN_NON_LITERAL_NULL_CONVERSION = YES;
				CLANG_WARN_OBJC_IMPLICIT_RETAIN_SELF = YES;
				CLANG_WARN_OBJC_LITERAL_CONVERSION = YES;
				CLANG_WARN_OBJC_ROOT_CLASS = YES_ERROR;
				CLANG_WARN_QUOTED_INCLUDE_IN_FRAMEWORK_HEADER = YES;
				CLANG_WARN_RANGE_LOOP_ANALYSIS = YES;
				CLANG_WARN_STRICT_PROTOTYPES = YES;
				CLANG_WARN_SUSPICIOUS_MOVE = YES;
				CLANG_WARN_UNGUARDED_AVAILABILITY = YES_AGGRESSIVE;
				CLANG_WARN_UNREACHABLE_CODE = YES;
				CLANG_WARN__DUPLICATE_METHOD_MATCH = YES;
				COPY_PHASE_STRIP = NO;
				DEBUG_INFORMATION_FORMAT = "dwarf-with-dsym";
				ENABLE_NS_ASSERTIONS = NO;
				ENABLE_STRICT_OBJC_MSGSEND = YES;
				GCC_C_LANGUAGE_STANDARD = gnu11;
				GCC_NO_COMMON_BLOCKS = YES;
				GCC_WARN_64_TO_32_BIT_CONVERSION = YES;
				GCC_WARN_ABOUT_RETURN_TYPE = YES_ERROR;
				GCC_WARN_UNDECLARED_SELECTOR = YES;
				GCC_WARN_UNINITIALIZED_AUTOS = YES_AGGRESSIVE;
				GCC_WARN_UNUSED_FUNCTION = YES;
				GCC_WARN_UNUSED_VARIABLE = YES;
				MACOSX_DEPLOYMENT_TARGET = 10.15;
				MTL_ENABLE_DEBUG_INFO = NO;
				MTL_FAST_MATH = YES;
				SDKROOT = macosx;
				SWIFT_COMPILATION_MODE = wholemodule;
				SWIFT_OPTIMIZATION_LEVEL = "-O";
			};
			name = Release;
		};
		945CDB09252A7E5C00B62B07 /* Debug */ = {
			isa = XCBuildConfiguration;
			buildSettings = {
				ASSETCATALOG_COMPILER_APPICON_NAME = AppIcon;
				ASSETCATALOG_COMPILER_GLOBAL_ACCENT_COLOR_NAME = AccentColor;
				CODE_SIGN_ENTITLEMENTS = SwiftUIVisuals/SwiftUIVisuals.entitlements;
				CODE_SIGN_STYLE = Automatic;
				COMBINE_HIDPI_IMAGES = YES;
				DEVELOPMENT_ASSET_PATHS = "\"SwiftUIVisuals/Preview Content\"";
				DEVELOPMENT_TEAM = FVC2SFVFYG;
				ENABLE_HARDENED_RUNTIME = YES;
				ENABLE_PREVIEWS = YES;
				INFOPLIST_FILE = SwiftUIVisuals/Info.plist;
				LD_RUNPATH_SEARCH_PATHS = (
					"$(inherited)",
					"@executable_path/../Frameworks",
				);
				MACOSX_DEPLOYMENT_TARGET = 11.0;
				PRODUCT_BUNDLE_IDENTIFIER = com.wingovers.demo.SwiftUIVisuals;
				PRODUCT_NAME = "$(TARGET_NAME)";
				SWIFT_VERSION = 5.0;
			};
			name = Debug;
		};
		945CDB0A252A7E5C00B62B07 /* Release */ = {
			isa = XCBuildConfiguration;
			buildSettings = {
				ASSETCATALOG_COMPILER_APPICON_NAME = AppIcon;
				ASSETCATALOG_COMPILER_GLOBAL_ACCENT_COLOR_NAME = AccentColor;
				CODE_SIGN_ENTITLEMENTS = SwiftUIVisuals/SwiftUIVisuals.entitlements;
				CODE_SIGN_STYLE = Automatic;
				COMBINE_HIDPI_IMAGES = YES;
				DEVELOPMENT_ASSET_PATHS = "\"SwiftUIVisuals/Preview Content\"";
				DEVELOPMENT_TEAM = FVC2SFVFYG;
				ENABLE_HARDENED_RUNTIME = YES;
				ENABLE_PREVIEWS = YES;
				INFOPLIST_FILE = SwiftUIVisuals/Info.plist;
				LD_RUNPATH_SEARCH_PATHS = (
					"$(inherited)",
					"@executable_path/../Frameworks",
				);
				MACOSX_DEPLOYMENT_TARGET = 11.0;
				PRODUCT_BUNDLE_IDENTIFIER = com.wingovers.demo.SwiftUIVisuals;
				PRODUCT_NAME = "$(TARGET_NAME)";
				SWIFT_VERSION = 5.0;
			};
			name = Release;
		};
/* End XCBuildConfiguration section */

/* Begin XCConfigurationList section */
		945CDAF0252A7E5B00B62B07 /* Build configuration list for PBXProject "SwiftUIVisuals" */ = {
			isa = XCConfigurationList;
			buildConfigurations = (
				945CDB06252A7E5C00B62B07 /* Debug */,
				945CDB07252A7E5C00B62B07 /* Release */,
			);
			defaultConfigurationIsVisible = 0;
			defaultConfigurationName = Release;
		};
		945CDB08252A7E5C00B62B07 /* Build configuration list for PBXNativeTarget "SwiftUIVisuals" */ = {
			isa = XCConfigurationList;
			buildConfigurations = (
				945CDB09252A7E5C00B62B07 /* Debug */,
				945CDB0A252A7E5C00B62B07 /* Release */,
			);
			defaultConfigurationIsVisible = 0;
			defaultConfigurationName = Release;
		};
/* End XCConfigurationList section */
	};
	rootObject = 945CDAED252A7E5B00B62B07 /* Project object */;
}
